
Microsoft Visual Studio Solution File, Format Version 12.00
# Visual Studio Version 17
VisualStudioVersion = 17.7.34202.233
MinimumVisualStudioVersion = 10.0.40219.1
Project("{9A19103F-16F7-4668-BE54-9A1E7A4F7556}") = "Kitchen.Backend", "Kitchen.Backend\Kitchen.Backend.csproj", "{576A1A7E-90EB-4C4F-9036-FC92924D9F23}"
EndProject
Global
	GlobalSection(SolutionConfigurationPlatforms) = preSolution
		Debug|Any CPU = Debug|Any CPU
		Release|Any CPU = Release|Any CPU
	EndGlobalSection
	GlobalSection(ProjectConfigurationPlatforms) = postSolution
		{576A1A7E-90EB-4C4F-9036-FC92924D9F23}.Debug|Any CPU.ActiveCfg = Debug|Any CPU
		{576A1A7E-90EB-4C4F-9036-FC92924D9F23}.Debug|Any CPU.Build.0 = Debug|Any CPU
		{576A1A7E-90EB-4C4F-9036-FC92924D9F23}.Release|Any CPU.ActiveCfg = Release|Any CPU
		{576A1A7E-90EB-4C4F-9036-FC92924D9F23}.Release|Any CPU.Build.0 = Release|Any CPU
	EndGlobalSection
	GlobalSection(SolutionProperties) = preSolution
		HideSolutionNode = FALSE
	EndGlobalSection
	GlobalSection(ExtensibilityGlobals) = postSolution
		SolutionGuid = {12093C1B-3758-4E75-B723-49DB04B6FF9C}
	EndGlobalSection
EndGlobal
